
Microsoft Visual Studio Solution File, Format Version 12.00
# Visual Studio Version 16
VisualStudioVersion = 16.0.32630.194
MinimumVisualStudioVersion = 10.0.40219.1
Project("{2150E333-8FDC-42A3-9474-1A3956D46DE8}") = "Solution Items", "Solution Items", "{75838037-0E66-401F-B4EA-52EA4DFE7EE0}"
	ProjectSection(SolutionItems) = preProject
		history.txt = history.txt
		LICENSE = LICENSE
		README.md = README.md
	EndProjectSection
EndProject
Project("{2150E333-8FDC-42A3-9474-1A3956D46DE8}") = "00.NLib", "00.NLib", "{3717670B-CEBD-4640-BADC-F65B3FB07D67}"
EndProject
Project("{FAE04EC0-301F-11D3-BF4B-00C04F79EFBC}") = "NLib", "00.NLib\NLib\NLib.csproj", "{41A9D6C0-C833-403F-9BC1-EECDC246A428}"
EndProject
Project("{FAE04EC0-301F-11D3-BF4B-00C04F79EFBC}") = "NLib.Reports", "00.NLib\NLib.Reports\NLib.Reports.csproj", "{5879D92A-F850-4A70-8D88-99D29F6A46F3}"
EndProject
Project("{2150E333-8FDC-42A3-9474-1A3956D46DE8}") = "09.App", "09.App", "{63981C09-ABF6-4E17-AEE0-E23A0FBC9089}"
EndProject
Project("{2150E333-8FDC-42A3-9474-1A3956D46DE8}") = "01.Core", "01.Core", "{9B2BCE31-624A-4135-A370-B592532A0C20}"
EndProject
Project("{2150E333-8FDC-42A3-9474-1A3956D46DE8}") = "02.Domains.and.Models", "02.Domains.and.Models", "{C19E9DD7-1D7D-451F-BC3D-DED0326CED15}"
EndProject
Project("{FAE04EC0-301F-11D3-BF4B-00C04F79EFBC}") = "PPRP.Core", "01.Core\PPRP.Core\PPRP.Core.csproj", "{25F76701-C7D6-4CC4-BEB9-DB40D2BBBD9D}"
EndProject
Project("{FAE04EC0-301F-11D3-BF4B-00C04F79EFBC}") = "PPRP.Domains", "02.Domains.and.Models\PPRP.Domains\PPRP.Domains.csproj", "{454A7013-4FFD-44CB-B589-1E4CD7369DED}"
EndProject
Project("{FAE04EC0-301F-11D3-BF4B-00C04F79EFBC}") = "PPRP.Models", "02.Domains.and.Models\PPRP.Models\PPRP.Models.csproj", "{54F2904E-847C-44BC-BF54-26A19C49F9D5}"
EndProject
Project("{FAE04EC0-301F-11D3-BF4B-00C04F79EFBC}") = "PPRP.Analytic.App", "09.App\PPRP.Analytic.App\PPRP.Analytic.App.csproj", "{4CA977FB-5C3A-45D1-8D3D-E190AB2D0864}"
EndProject
Project("{FAE04EC0-301F-11D3-BF4B-00C04F79EFBC}") = "PPRP.Manangement.App", "09.App\PPRP.Manangement.App\PPRP.Manangement.App.csproj", "{8B37F7E2-FBC1-4F0F-93D2-2A859557ABA8}"
EndProject
Project("{2150E333-8FDC-42A3-9474-1A3956D46DE8}") = "20.Samples", "20.Samples", "{5974B971-1E0E-42BD-A2DF-E995F702D971}"
EndProject
Project("{2150E333-8FDC-42A3-9474-1A3956D46DE8}") = "WizardProgressBarDemo", "WizardProgressBarDemo", "{8620E258-84C6-4E8E-A693-1617BA1AF982}"
EndProject
Project("{FAE04EC0-301F-11D3-BF4B-00C04F79EFBC}") = "WizardProgressBarLibrary", "20.Samples\WizardProgressBarDemo\WizardProgressBarLibrary\WizardProgressBarLibrary.csproj", "{C1633BDB-6A45-4ED1-BB3D-3B7E58E55FBB}"
EndProject
Project("{FAE04EC0-301F-11D3-BF4B-00C04F79EFBC}") = "WizardProgressBarDemo", "20.Samples\WizardProgressBarDemo\WizardProgressBarDemo\WizardProgressBarDemo.csproj", "{6211BD27-DFC6-4B69-A195-F00A850A8321}"
EndProject
Project("{2150E333-8FDC-42A3-9474-1A3956D46DE8}") = "Catfood.Shapefile", "Catfood.Shapefile", "{525B8B26-FD1D-41BC-8FFD-77E7815F9AA8}"
EndProject
Project("{FAE04EC0-301F-11D3-BF4B-00C04F79EFBC}") = "Catfood.Shapefile", "20.Samples\Catfood.Shapefile\Catfood.Shapefile\Catfood.Shapefile.csproj", "{2086F1A5-3D34-40AD-80EF-C1943411451F}"
EndProject
Project("{FAE04EC0-301F-11D3-BF4B-00C04F79EFBC}") = "ShapefileDemo", "20.Samples\Catfood.Shapefile\ShapefileDemo\ShapefileDemo.csproj", "{D4C1A0B0-7811-46BF-8FB7-85760F0531DD}"
EndProject
Project("{FAE04EC0-301F-11D3-BF4B-00C04F79EFBC}") = "TestShapeFile", "20.Samples\Catfood.Shapefile\TestShapeFile\TestShapeFile.csproj", "{6F7760E7-1CD2-4EE7-9900-131EEC73172E}"
EndProject
Project("{2150E333-8FDC-42A3-9474-1A3956D46DE8}") = "Dapper.Wpf", "Dapper.Wpf", "{1CE1296A-9A21-4399-AC78-82BFEEB3166D}"
EndProject
Project("{FAE04EC0-301F-11D3-BF4B-00C04F79EFBC}") = "Dapper.Wpf", "20.Samples\Dapper.Wpf\Dapper.Wpf\Dapper.Wpf.csproj", "{C167BFF2-B563-4C58-8397-74EF68438269}"
EndProject
Global
	GlobalSection(SolutionConfigurationPlatforms) = preSolution
		Debug|Any CPU = Debug|Any CPU
		Debug|x86 = Debug|x86
		Release|Any CPU = Release|Any CPU
		Release|x86 = Release|x86
	EndGlobalSection
	GlobalSection(ProjectConfigurationPlatforms) = postSolution
		{41A9D6C0-C833-403F-9BC1-EECDC246A428}.Debug|Any CPU.ActiveCfg = Debug|Any CPU
		{41A9D6C0-C833-403F-9BC1-EECDC246A428}.Debug|Any CPU.Build.0 = Debug|Any CPU
		{41A9D6C0-C833-403F-9BC1-EECDC246A428}.Debug|x86.ActiveCfg = Debug|Any CPU
		{41A9D6C0-C833-403F-9BC1-EECDC246A428}.Debug|x86.Build.0 = Debug|Any CPU
		{41A9D6C0-C833-403F-9BC1-EECDC246A428}.Release|Any CPU.ActiveCfg = Release|Any CPU
		{41A9D6C0-C833-403F-9BC1-EECDC246A428}.Release|Any CPU.Build.0 = Release|Any CPU
		{41A9D6C0-C833-403F-9BC1-EECDC246A428}.Release|x86.ActiveCfg = Release|Any CPU
		{41A9D6C0-C833-403F-9BC1-EECDC246A428}.Release|x86.Build.0 = Release|Any CPU
		{5879D92A-F850-4A70-8D88-99D29F6A46F3}.Debug|Any CPU.ActiveCfg = Debug|Any CPU
		{5879D92A-F850-4A70-8D88-99D29F6A46F3}.Debug|Any CPU.Build.0 = Debug|Any CPU
		{5879D92A-F850-4A70-8D88-99D29F6A46F3}.Debug|x86.ActiveCfg = Debug|Any CPU
		{5879D92A-F850-4A70-8D88-99D29F6A46F3}.Debug|x86.Build.0 = Debug|Any CPU
		{5879D92A-F850-4A70-8D88-99D29F6A46F3}.Release|Any CPU.ActiveCfg = Release|Any CPU
		{5879D92A-F850-4A70-8D88-99D29F6A46F3}.Release|Any CPU.Build.0 = Release|Any CPU
		{5879D92A-F850-4A70-8D88-99D29F6A46F3}.Release|x86.ActiveCfg = Release|Any CPU
		{5879D92A-F850-4A70-8D88-99D29F6A46F3}.Release|x86.Build.0 = Release|Any CPU
		{25F76701-C7D6-4CC4-BEB9-DB40D2BBBD9D}.Debug|Any CPU.ActiveCfg = Debug|Any CPU
		{25F76701-C7D6-4CC4-BEB9-DB40D2BBBD9D}.Debug|Any CPU.Build.0 = Debug|Any CPU
		{25F76701-C7D6-4CC4-BEB9-DB40D2BBBD9D}.Debug|x86.ActiveCfg = Debug|Any CPU
		{25F76701-C7D6-4CC4-BEB9-DB40D2BBBD9D}.Debug|x86.Build.0 = Debug|Any CPU
		{25F76701-C7D6-4CC4-BEB9-DB40D2BBBD9D}.Release|Any CPU.ActiveCfg = Release|Any CPU
		{25F76701-C7D6-4CC4-BEB9-DB40D2BBBD9D}.Release|Any CPU.Build.0 = Release|Any CPU
		{25F76701-C7D6-4CC4-BEB9-DB40D2BBBD9D}.Release|x86.ActiveCfg = Release|Any CPU
		{25F76701-C7D6-4CC4-BEB9-DB40D2BBBD9D}.Release|x86.Build.0 = Release|Any CPU
		{454A7013-4FFD-44CB-B589-1E4CD7369DED}.Debug|Any CPU.ActiveCfg = Debug|Any CPU
		{454A7013-4FFD-44CB-B589-1E4CD7369DED}.Debug|Any CPU.Build.0 = Debug|Any CPU
		{454A7013-4FFD-44CB-B589-1E4CD7369DED}.Debug|x86.ActiveCfg = Debug|Any CPU
		{454A7013-4FFD-44CB-B589-1E4CD7369DED}.Debug|x86.Build.0 = Debug|Any CPU
		{454A7013-4FFD-44CB-B589-1E4CD7369DED}.Release|Any CPU.ActiveCfg = Release|Any CPU
		{454A7013-4FFD-44CB-B589-1E4CD7369DED}.Release|Any CPU.Build.0 = Release|Any CPU
		{454A7013-4FFD-44CB-B589-1E4CD7369DED}.Release|x86.ActiveCfg = Release|Any CPU
		{454A7013-4FFD-44CB-B589-1E4CD7369DED}.Release|x86.Build.0 = Release|Any CPU
		{54F2904E-847C-44BC-BF54-26A19C49F9D5}.Debug|Any CPU.ActiveCfg = Debug|Any CPU
		{54F2904E-847C-44BC-BF54-26A19C49F9D5}.Debug|Any CPU.Build.0 = Debug|Any CPU
		{54F2904E-847C-44BC-BF54-26A19C49F9D5}.Debug|x86.ActiveCfg = Debug|Any CPU
		{54F2904E-847C-44BC-BF54-26A19C49F9D5}.Debug|x86.Build.0 = Debug|Any CPU
		{54F2904E-847C-44BC-BF54-26A19C49F9D5}.Release|Any CPU.ActiveCfg = Release|Any CPU
		{54F2904E-847C-44BC-BF54-26A19C49F9D5}.Release|Any CPU.Build.0 = Release|Any CPU
		{54F2904E-847C-44BC-BF54-26A19C49F9D5}.Release|x86.ActiveCfg = Release|Any CPU
		{54F2904E-847C-44BC-BF54-26A19C49F9D5}.Release|x86.Build.0 = Release|Any CPU
		{4CA977FB-5C3A-45D1-8D3D-E190AB2D0864}.Debug|Any CPU.ActiveCfg = Debug|Any CPU
		{4CA977FB-5C3A-45D1-8D3D-E190AB2D0864}.Debug|Any CPU.Build.0 = Debug|Any CPU
		{4CA977FB-5C3A-45D1-8D3D-E190AB2D0864}.Debug|x86.ActiveCfg = Debug|Any CPU
		{4CA977FB-5C3A-45D1-8D3D-E190AB2D0864}.Debug|x86.Build.0 = Debug|Any CPU
		{4CA977FB-5C3A-45D1-8D3D-E190AB2D0864}.Release|Any CPU.ActiveCfg = Release|Any CPU
		{4CA977FB-5C3A-45D1-8D3D-E190AB2D0864}.Release|Any CPU.Build.0 = Release|Any CPU
		{4CA977FB-5C3A-45D1-8D3D-E190AB2D0864}.Release|x86.ActiveCfg = Release|Any CPU
		{4CA977FB-5C3A-45D1-8D3D-E190AB2D0864}.Release|x86.Build.0 = Release|Any CPU
		{8B37F7E2-FBC1-4F0F-93D2-2A859557ABA8}.Debug|Any CPU.ActiveCfg = Debug|Any CPU
		{8B37F7E2-FBC1-4F0F-93D2-2A859557ABA8}.Debug|Any CPU.Build.0 = Debug|Any CPU
		{8B37F7E2-FBC1-4F0F-93D2-2A859557ABA8}.Debug|x86.ActiveCfg = Debug|Any CPU
		{8B37F7E2-FBC1-4F0F-93D2-2A859557ABA8}.Debug|x86.Build.0 = Debug|Any CPU
		{8B37F7E2-FBC1-4F0F-93D2-2A859557ABA8}.Release|Any CPU.ActiveCfg = Release|Any CPU
		{8B37F7E2-FBC1-4F0F-93D2-2A859557ABA8}.Release|Any CPU.Build.0 = Release|Any CPU
		{8B37F7E2-FBC1-4F0F-93D2-2A859557ABA8}.Release|x86.ActiveCfg = Release|Any CPU
		{8B37F7E2-FBC1-4F0F-93D2-2A859557ABA8}.Release|x86.Build.0 = Release|Any CPU
		{C1633BDB-6A45-4ED1-BB3D-3B7E58E55FBB}.Debug|Any CPU.ActiveCfg = Debug|Any CPU
		{C1633BDB-6A45-4ED1-BB3D-3B7E58E55FBB}.Debug|Any CPU.Build.0 = Debug|Any CPU
		{C1633BDB-6A45-4ED1-BB3D-3B7E58E55FBB}.Debug|x86.ActiveCfg = Debug|Any CPU
		{C1633BDB-6A45-4ED1-BB3D-3B7E58E55FBB}.Debug|x86.Build.0 = Debug|Any CPU
		{C1633BDB-6A45-4ED1-BB3D-3B7E58E55FBB}.Release|Any CPU.ActiveCfg = Release|Any CPU
		{C1633BDB-6A45-4ED1-BB3D-3B7E58E55FBB}.Release|Any CPU.Build.0 = Release|Any CPU
		{C1633BDB-6A45-4ED1-BB3D-3B7E58E55FBB}.Release|x86.ActiveCfg = Release|Any CPU
		{C1633BDB-6A45-4ED1-BB3D-3B7E58E55FBB}.Release|x86.Build.0 = Release|Any CPU
		{6211BD27-DFC6-4B69-A195-F00A850A8321}.Debug|Any CPU.ActiveCfg = Debug|x86
		{6211BD27-DFC6-4B69-A195-F00A850A8321}.Debug|x86.ActiveCfg = Debug|x86
		{6211BD27-DFC6-4B69-A195-F00A850A8321}.Debug|x86.Build.0 = Debug|x86
		{6211BD27-DFC6-4B69-A195-F00A850A8321}.Release|Any CPU.ActiveCfg = Release|x86
		{6211BD27-DFC6-4B69-A195-F00A850A8321}.Release|x86.ActiveCfg = Release|x86
		{6211BD27-DFC6-4B69-A195-F00A850A8321}.Release|x86.Build.0 = Release|x86
		{2086F1A5-3D34-40AD-80EF-C1943411451F}.Debug|Any CPU.ActiveCfg = Debug|Any CPU
		{2086F1A5-3D34-40AD-80EF-C1943411451F}.Debug|Any CPU.Build.0 = Debug|Any CPU
		{2086F1A5-3D34-40AD-80EF-C1943411451F}.Debug|x86.ActiveCfg = Debug|Any CPU
		{2086F1A5-3D34-40AD-80EF-C1943411451F}.Debug|x86.Build.0 = Debug|Any CPU
		{2086F1A5-3D34-40AD-80EF-C1943411451F}.Release|Any CPU.ActiveCfg = Release|Any CPU
		{2086F1A5-3D34-40AD-80EF-C1943411451F}.Release|Any CPU.Build.0 = Release|Any CPU
		{2086F1A5-3D34-40AD-80EF-C1943411451F}.Release|x86.ActiveCfg = Release|Any CPU
		{2086F1A5-3D34-40AD-80EF-C1943411451F}.Release|x86.Build.0 = Release|Any CPU
		{D4C1A0B0-7811-46BF-8FB7-85760F0531DD}.Debug|Any CPU.ActiveCfg = Debug|Any CPU
		{D4C1A0B0-7811-46BF-8FB7-85760F0531DD}.Debug|Any CPU.Build.0 = Debug|Any CPU
		{D4C1A0B0-7811-46BF-8FB7-85760F0531DD}.Debug|x86.ActiveCfg = Debug|Any CPU
		{D4C1A0B0-7811-46BF-8FB7-85760F0531DD}.Debug|x86.Build.0 = Debug|Any CPU
		{D4C1A0B0-7811-46BF-8FB7-85760F0531DD}.Release|Any CPU.ActiveCfg = Release|Any CPU
		{D4C1A0B0-7811-46BF-8FB7-85760F0531DD}.Release|Any CPU.Build.0 = Release|Any CPU
		{D4C1A0B0-7811-46BF-8FB7-85760F0531DD}.Release|x86.ActiveCfg = Release|Any CPU
		{D4C1A0B0-7811-46BF-8FB7-85760F0531DD}.Release|x86.Build.0 = Release|Any CPU
		{6F7760E7-1CD2-4EE7-9900-131EEC73172E}.Debug|Any CPU.ActiveCfg = Debug|Any CPU
		{6F7760E7-1CD2-4EE7-9900-131EEC73172E}.Debug|Any CPU.Build.0 = Debug|Any CPU
		{6F7760E7-1CD2-4EE7-9900-131EEC73172E}.Debug|x86.ActiveCfg = Debug|Any CPU
		{6F7760E7-1CD2-4EE7-9900-131EEC73172E}.Debug|x86.Build.0 = Debug|Any CPU
		{6F7760E7-1CD2-4EE7-9900-131EEC73172E}.Release|Any CPU.ActiveCfg = Release|Any CPU
		{6F7760E7-1CD2-4EE7-9900-131EEC73172E}.Release|Any CPU.Build.0 = Release|Any CPU
		{6F7760E7-1CD2-4EE7-9900-131EEC73172E}.Release|x86.ActiveCfg = Release|Any CPU
		{6F7760E7-1CD2-4EE7-9900-131EEC73172E}.Release|x86.Build.0 = Release|Any CPU
		{C167BFF2-B563-4C58-8397-74EF68438269}.Debug|Any CPU.ActiveCfg = Debug|Any CPU
		{C167BFF2-B563-4C58-8397-74EF68438269}.Debug|Any CPU.Build.0 = Debug|Any CPU
		{C167BFF2-B563-4C58-8397-74EF68438269}.Debug|x86.ActiveCfg = Debug|Any CPU
		{C167BFF2-B563-4C58-8397-74EF68438269}.Debug|x86.Build.0 = Debug|Any CPU
		{C167BFF2-B563-4C58-8397-74EF68438269}.Release|Any CPU.ActiveCfg = Release|Any CPU
		{C167BFF2-B563-4C58-8397-74EF68438269}.Release|Any CPU.Build.0 = Release|Any CPU
		{C167BFF2-B563-4C58-8397-74EF68438269}.Release|x86.ActiveCfg = Release|Any CPU
		{C167BFF2-B563-4C58-8397-74EF68438269}.Release|x86.Build.0 = Release|Any CPU
	EndGlobalSection
	GlobalSection(SolutionProperties) = preSolution
		HideSolutionNode = FALSE
	EndGlobalSection
	GlobalSection(NestedProjects) = preSolution
		{41A9D6C0-C833-403F-9BC1-EECDC246A428} = {3717670B-CEBD-4640-BADC-F65B3FB07D67}
		{5879D92A-F850-4A70-8D88-99D29F6A46F3} = {3717670B-CEBD-4640-BADC-F65B3FB07D67}
		{25F76701-C7D6-4CC4-BEB9-DB40D2BBBD9D} = {9B2BCE31-624A-4135-A370-B592532A0C20}
		{454A7013-4FFD-44CB-B589-1E4CD7369DED} = {C19E9DD7-1D7D-451F-BC3D-DED0326CED15}
		{54F2904E-847C-44BC-BF54-26A19C49F9D5} = {C19E9DD7-1D7D-451F-BC3D-DED0326CED15}
		{4CA977FB-5C3A-45D1-8D3D-E190AB2D0864} = {63981C09-ABF6-4E17-AEE0-E23A0FBC9089}
		{8B37F7E2-FBC1-4F0F-93D2-2A859557ABA8} = {63981C09-ABF6-4E17-AEE0-E23A0FBC9089}
		{8620E258-84C6-4E8E-A693-1617BA1AF982} = {5974B971-1E0E-42BD-A2DF-E995F702D971}
		{C1633BDB-6A45-4ED1-BB3D-3B7E58E55FBB} = {8620E258-84C6-4E8E-A693-1617BA1AF982}
		{6211BD27-DFC6-4B69-A195-F00A850A8321} = {8620E258-84C6-4E8E-A693-1617BA1AF982}
		{525B8B26-FD1D-41BC-8FFD-77E7815F9AA8} = {5974B971-1E0E-42BD-A2DF-E995F702D971}
		{2086F1A5-3D34-40AD-80EF-C1943411451F} = {525B8B26-FD1D-41BC-8FFD-77E7815F9AA8}
		{D4C1A0B0-7811-46BF-8FB7-85760F0531DD} = {525B8B26-FD1D-41BC-8FFD-77E7815F9AA8}
		{6F7760E7-1CD2-4EE7-9900-131EEC73172E} = {525B8B26-FD1D-41BC-8FFD-77E7815F9AA8}
		{1CE1296A-9A21-4399-AC78-82BFEEB3166D} = {5974B971-1E0E-42BD-A2DF-E995F702D971}
		{C167BFF2-B563-4C58-8397-74EF68438269} = {1CE1296A-9A21-4399-AC78-82BFEEB3166D}
	EndGlobalSection
	GlobalSection(ExtensibilityGlobals) = postSolution
		SolutionGuid = {4E08B5C6-85F0-4C52-8DFE-D55880DD5FC9}
	EndGlobalSection
EndGlobal
